// !$*UTF8*$!
{
	archiveVersion = 1;
	classes = {
	};
	objectVersion = 48;
	objects = {

/* Begin PBXBuildFile section */
		1611A9251FEFA287006094FD /* AppDelegate.m in Sources */ = {isa = PBXBuildFile; fileRef = 1611A9241FEFA287006094FD /* AppDelegate.m */; };
		1611A9281FEFA287006094FD /* ViewController.m in Sources */ = {isa = PBXBuildFile; fileRef = 1611A9271FEFA287006094FD /* ViewController.m */; };
		1611A92D1FEFA287006094FD /* Assets.xcassets in Resources */ = {isa = PBXBuildFile; fileRef = 1611A92C1FEFA287006094FD /* Assets.xcassets */; };
		1611A9301FEFA287006094FD /* LaunchScreen.storyboard in Resources */ = {isa = PBXBuildFile; fileRef = 1611A92E1FEFA287006094FD /* LaunchScreen.storyboard */; };
		1611A9331FEFA287006094FD /* main.m in Sources */ = {isa = PBXBuildFile; fileRef = 1611A9321FEFA287006094FD /* main.m */; };
/* End PBXBuildFile section */

/* Begin PBXFileReference section */
		1611A9201FEFA287006094FD /* SJNetworking.app */ = {isa = PBXFileReference; explicitFileType = wrapper.application; includeInIndex = 0; path = SJNetworking.app; sourceTree = BUILT_PRODUCTS_DIR; };
		1611A9231FEFA287006094FD /* AppDelegate.h */ = {isa = PBXFileReference; lastKnownFileType = sourcecode.c.h; path = AppDelegate.h; sourceTree = "<group>"; };
		1611A9241FEFA287006094FD /* AppDelegate.m */ = {isa = PBXFileReference; lastKnownFileType = sourcecode.c.objc; path = AppDelegate.m; sourceTree = "<group>"; };
		1611A9261FEFA287006094FD /* ViewController.h */ = {isa = PBXFileReference; lastKnownFileType = sourcecode.c.h; path = ViewController.h; sourceTree = "<group>"; };
		1611A9271FEFA287006094FD /* ViewController.m */ = {isa = PBXFileReference; lastKnownFileType = sourcecode.c.objc; path = ViewController.m; sourceTree = "<group>"; };
		1611A92C1FEFA287006094FD /* Assets.xcassets */ = {isa = PBXFileReference; lastKnownFileType = folder.assetcatalog; path = Assets.xcassets; sourceTree = "<group>"; };
		1611A92F1FEFA287006094FD /* Base */ = {isa = PBXFileReference; lastKnownFileType = file.storyboard; name = Base; path = Base.lproj/LaunchScreen.storyboard; sourceTree = "<group>"; };
		1611A9311FEFA287006094FD /* Info.plist */ = {isa = PBXFileReference; lastKnownFileType = text.plist.xml; path = Info.plist; sourceTree = "<group>"; };
		1611A9321FEFA287006094FD /* main.m */ = {isa = PBXFileReference; lastKnownFileType = sourcecode.c.objc; path = main.m; sourceTree = "<group>"; };
/* End PBXFileReference section */

/* Begin PBXFrameworksBuildPhase section */
		1611A91D1FEFA287006094FD /* Frameworks */ = {
			isa = PBXFrameworksBuildPhase;
			buildActionMask = 2147483647;
			files = (
			);
			runOnlyForDeploymentPostprocessing = 0;
		};
/* End PBXFrameworksBuildPhase section */

/* Begin PBXGroup section */
		1611A9171FEFA287006094FD = {
			isa = PBXGroup;
			children = (
				1611A9221FEFA287006094FD /* SJNetworking */,
				1611A9211FEFA287006094FD /* Products */,
			);
			sourceTree = "<group>";
		};
		1611A9211FEFA287006094FD /* Products */ = {
			isa = PBXGroup;
			children = (
				1611A9201FEFA287006094FD /* SJNetworking.app */,
			);
			name = Products;
			sourceTree = "<group>";
		};
		1611A9221FEFA287006094FD /* SJNetworking */ = {
			isa = PBXGroup;
			children = (
				1611A9231FEFA287006094FD /* AppDelegate.h */,
				1611A9241FEFA287006094FD /* AppDelegate.m */,
				1611A9261FEFA287006094FD /* ViewController.h */,
				1611A9271FEFA287006094FD /* ViewController.m */,
				1611A92C1FEFA287006094FD /* Assets.xcassets */,
				1611A92E1FEFA287006094FD /* LaunchScreen.storyboard */,
				1611A9311FEFA287006094FD /* Info.plist */,
				1611A9321FEFA287006094FD /* main.m */,
			);
			path = SJNetworking;
			sourceTree = "<group>";
		};
/* End PBXGroup section */

/* Begin PBXNativeTarget section */
		1611A91F1FEFA287006094FD /* SJNetworking */ = {
			isa = PBXNativeTarget;
			buildConfigurationList = 1611A9361FEFA287006094FD /* Build configuration list for PBXNativeTarget "SJNetworking" */;
			buildPhases = (
				1611A91C1FEFA287006094FD /* Sources */,
				1611A91D1FEFA287006094FD /* Frameworks */,
				1611A91E1FEFA287006094FD /* Resources */,
			);
			buildRules = (
			);
			dependencies = (
			);
			name = SJNetworking;
			productName = SJNetworking;
			productReference = 1611A9201FEFA287006094FD /* SJNetworking.app */;
			productType = "com.apple.product-type.application";
		};
/* End PBXNativeTarget section */

/* Begin PBXProject section */
		1611A9181FEFA287006094FD /* Project object */ = {
			isa = PBXProject;
			attributes = {
				LastUpgradeCheck = 0910;
				ORGANIZATIONNAME = "Surjit Joshi";
				TargetAttributes = {
					1611A91F1FEFA287006094FD = {
						CreatedOnToolsVersion = 9.1;
						ProvisioningStyle = Manual;
					};
				};
			};
			buildConfigurationList = 1611A91B1FEFA287006094FD /* Build configuration list for PBXProject "SJNetworking" */;
			compatibilityVersion = "Xcode 8.0";
			developmentRegion = en;
			hasScannedForEncodings = 0;
			knownRegions = (
				en,
				Base,
			);
			mainGroup = 1611A9171FEFA287006094FD;
			productRefGroup = 1611A9211FEFA287006094FD /* Products */;
			projectDirPath = "";
			projectRoot = "";
			targets = (
				1611A91F1FEFA287006094FD /* SJNetworking */,
			);
		};
/* End PBXProject section */

/* Begin PBXResourcesBuildPhase section */
		1611A91E1FEFA287006094FD /* Resources */ = {
			isa = PBXResourcesBuildPhase;
			buildActionMask = 2147483647;
			files = (
				1611A9301FEFA287006094FD /* LaunchScreen.storyboard in Resources */,
				1611A92D1FEFA287006094FD /* Assets.xcassets in Resources */,
			);
			runOnlyForDeploymentPostprocessing = 0;
		};
/* End PBXResourcesBuildPhase section */

/* Begin PBXSourcesBuildPhase section */
		1611A91C1FEFA287006094FD /* Sources */ = {
			isa = PBXSourcesBuildPhase;
			buildActionMask = 2147483647;
			files = (
				1611A9281FEFA287006094FD /* ViewController.m in Sources */,
				1611A9331FEFA287006094FD /* main.m in Sources */,
				1611A9251FEFA287006094FD /* AppDelegate.m in Sources */,
			);
			runOnlyForDeploymentPostprocessing = 0;
		};
/* End PBXSourcesBuildPhase section */

/* Begin PBXVariantGroup section */
		1611A92E1FEFA287006094FD /* LaunchScreen.storyboard */ = {
			isa = PBXVariantGroup;
			children = (
				1611A92F1FEFA287006094FD /* Base */,
			);
			name = LaunchScreen.storyboard;
			sourceTree = "<group>";
		};
/* End PBXVariantGroup section */

/* Begin XCBuildConfiguration section */
		1611A9341FEFA287006094FD /* Debug */ = {
			isa = XCBuildConfiguration;
			buildSettings = {
				ALWAYS_SEARCH_USER_PATHS = NO;
				CLANG_ANALYZER_NONNULL = YES;
				CLANG_ANALYZER_NUMBER_OBJECT_CONVERSION = YES_AGGRESSIVE;
				CLANG_CXX_LANGUAGE_STANDARD = "gnu++14";
				CLANG_CXX_LIBRARY = "libc++";
				CLANG_ENABLE_MODULES = YES;
				CLANG_ENABLE_OBJC_ARC = YES;
				CLANG_WARN_BLOCK_CAPTURE_AUTORELEASING = YES;
				CLANG_WARN_BOOL_CONVERSION = YES;
				CLANG_WARN_COMMA = YES;
				CLANG_WARN_CONSTANT_CONVERSION = YES;
				CLANG_WARN_DIRECT_OBJC_ISA_USAGE = YES_ERROR;
				CLANG_WARN_DOCUMENTATION_COMMENTS = YES;
				CLANG_WARN_EMPTY_BODY = YES;
				CLANG_WARN_ENUM_CONVERSION = YES;
				CLANG_WARN_INFINITE_RECURSION = YES;
				CLANG_WARN_INT_CONVERSION = YES;
				CLANG_WARN_NON_LITERAL_NULL_CONVERSION = YES;
				CLANG_WARN_OBJC_LITERAL_CONVERSION = YES;
				CLANG_WARN_OBJC_ROOT_CLASS = YES_ERROR;
				CLANG_WARN_RANGE_LOOP_ANALYSIS = YES;
				CLANG_WARN_STRICT_PROTOTYPES = YES;
				CLANG_WARN_SUSPICIOUS_MOVE = YES;
				CLANG_WARN_UNGUARDED_AVAILABILITY = YES_AGGRESSIVE;
				CLANG_WARN_UNREACHABLE_CODE = YES;
				CLANG_WARN__DUPLICATE_METHOD_MATCH = YES;
				CODE_SIGN_IDENTITY = "iPhone Developer";
				COPY_PHASE_STRIP = NO;
				DEBUG_INFORMATION_FORMAT = dwarf;
				ENABLE_STRICT_OBJC_MSGSEND = YES;
				ENABLE_TESTABILITY = YES;
				GCC_C_LANGUAGE_STANDARD = gnu11;
				GCC_DYNAMIC_NO_PIC = NO;
				GCC_NO_COMMON_BLOCKS = YES;
				GCC_OPTIMIZATION_LEVEL = 0;
				GCC_PREPROCESSOR_DEFINITIONS = (
					"DEBUG=1",
					"$(inherited)",
				);
				GCC_WARN_64_TO_32_BIT_CONVERSION = YES;
				GCC_WARN_ABOUT_RETURN_TYPE = YES_ERROR;
				GCC_WARN_UNDECLARED_SELECTOR = YES;
				GCC_WARN_UNINITIALIZED_AUTOS = YES_AGGRESSIVE;
				GCC_WARN_UNUSED_FUNCTION = YES;
				GCC_WARN_UNUSED_VARIABLE = YES;
				IPHONEOS_DEPLOYMENT_TARGET = 11.1;
				MTL_ENABLE_DEBUG_INFO = YES;
				ONLY_ACTIVE_ARCH = YES;
				SDKROOT = iphoneos;
			};
			name = Debug;
		};
		1611A9351FEFA287006094FD /* Release */ = {
			isa = XCBuildConfiguration;
			buildSettings = {
				ALWAYS_SEARCH_USER_PATHS = NO;
				CLANG_ANALYZER_NONNULL = YES;
				CLANG_ANALYZER_NUMBER_OBJECT_CONVERSION = YES_AGGRESSIVE;
				CLANG_CXX_LANGUAGE_STANDARD = "gnu++14";
				CLANG_CXX_LIBRARY = "libc++";
				CLANG_ENABLE_MODULES = YES;
				CLANG_ENABLE_OBJC_ARC = YES;
				CLANG_WARN_BLOCK_CAPTURE_AUTORELEASING = YES;
				CLANG_WARN_BOOL_CONVERSION = YES;
				CLANG_WARN_COMMA = YES;
				CLANG_WARN_CONSTANT_CONVERSION = YES;
				CLANG_WARN_DIRECT_OBJC_ISA_USAGE = YES_ERROR;
				CLANG_WARN_DOCUMENTATION_COMMENTS = YES;
				CLANG_WARN_EMPTY_BODY = YES;
				CLANG_WARN_ENUM_CONVERSION = YES;
				CLANG_WARN_INFINITE_RECURSION = YES;
				CLANG_WARN_INT_CONVERSION = YES;
				CLANG_WARN_NON_LITERAL_NULL_CONVERSION = YES;
				CLANG_WARN_OBJC_LITERAL_CONVERSION = YES;
				CLANG_WARN_OBJC_ROOT_CLASS = YES_ERROR;
				CLANG_WARN_RANGE_LOOP_ANALYSIS = YES;
				CLANG_WARN_STRICT_PROTOTYPES = YES;
				CLANG_WARN_SUSPICIOUS_MOVE = YES;
				CLANG_WARN_UNGUARDED_AVAILABILITY = YES_AGGRESSIVE;
				CLANG_WARN_UNREACHABLE_CODE = YES;
				CLANG_WARN__DUPLICATE_METHOD_MATCH = YES;
				CODE_SIGN_IDENTITY = "iPhone Developer";
				COPY_PHASE_STRIP = NO;
				DEBUG_INFORMATION_FORMAT = "dwarf-with-dsym";
				ENABLE_NS_ASSERTIONS = NO;
				ENABLE_STRICT_OBJC_MSGSEND = YES;
				GCC_C_LANGUAGE_STANDARD = gnu11;
				GCC_NO_COMMON_BLOCKS = YES;
				GCC_WARN_64_TO_32_BIT_CONVERSION = YES;
				GCC_WARN_ABOUT_RETURN_TYPE = YES_ERROR;
				GCC_WARN_UNDECLARED_SELECTOR = YES;
				GCC_WARN_UNINITIALIZED_AUTOS = YES_AGGRESSIVE;
				GCC_WARN_UNUSED_FUNCTION = YES;
				GCC_WARN_UNUSED_VARIABLE = YES;
				IPHONEOS_DEPLOYMENT_TARGET = 11.1;
				MTL_ENABLE_DEBUG_INFO = NO;
				SDKROOT = iphoneos;
				VALIDATE_PRODUCT = YES;
			};
			name = Release;
		};
		1611A9371FEFA287006094FD /* Debug */ = {
			isa = XCBuildConfiguration;
			buildSettings = {
				ASSETCATALOG_COMPILER_APPICON_NAME = AppIcon;
				CODE_SIGN_STYLE = Manual;
				DEVELOPMENT_TEAM = C7S77V33DR;
				INFOPLIST_FILE = SJNetworking/Info.plist;
				LD_RUNPATH_SEARCH_PATHS = "$(inherited) @executable_path/Frameworks";
				PRODUCT_BUNDLE_IDENTIFIER = "com.Knorr-Bremse.Test";
				PRODUCT_NAME = "$(TARGET_NAME)";
				PROVISIONING_PROFILE = "041da608-6e49-4f02-9583-ccc3fc673aec";
				PROVISIONING_PROFILE_SPECIFIER = "Dev Test";
				TARGETED_DEVICE_FAMILY = "1,2";
			};
			name = Debug;
		};
		1611A9381FEFA287006094FD /* Release */ = {
			isa = XCBuildConfiguration;
			buildSettings = {
				ASSETCATALOG_COMPILER_APPICON_NAME = AppIcon;
				CODE_SIGN_STYLE = Manual;
				DEVELOPMENT_TEAM = C7S77V33DR;
				INFOPLIST_FILE = SJNetworking/Info.plist;
				LD_RUNPATH_SEARCH_PATHS = "$(inherited) @executable_path/Frameworks";
				PRODUCT_BUNDLE_IDENTIFIER = "com.Knorr-Bremse.Test";
				PRODUCT_NAME = "$(TARGET_NAME)";
				PROVISIONING_PROFILE = "041da608-6e49-4f02-9583-ccc3fc673aec";
				PROVISIONING_PROFILE_SPECIFIER = "Dev Test";
				TARGETED_DEVICE_FAMILY = "1,2";
			};
			name = Release;
		};
/* End XCBuildConfiguration section */

/* Begin XCConfigurationList section */
		1611A91B1FEFA287006094FD /* Build configuration list for PBXProject "SJNetworking" */ = {
			isa = XCConfigurationList;
			buildConfigurations = (
				1611A9341FEFA287006094FD /* Debug */,
				1611A9351FEFA287006094FD /* Release */,
			);
			defaultConfigurationIsVisible = 0;
			defaultConfigurationName = Release;
		};
		1611A9361FEFA287006094FD /* Build configuration list for PBXNativeTarget "SJNetworking" */ = {
			isa = XCConfigurationList;
			buildConfigurations = (
				1611A9371FEFA287006094FD /* Debug */,
				1611A9381FEFA287006094FD /* Release */,
			);
			defaultConfigurationIsVisible = 0;
			defaultConfigurationName = Release;
		};
/* End XCConfigurationList section */
	};
	rootObject = 1611A9181FEFA287006094FD /* Project object */;
}
